{
  "name": "business-hours-override-widget",
  "version": "1.0.0",
  "lockfileVersion": 3,
  "requires": true,
  "packages": {
    "": {
      "name": "business-hours-override-widget",
      "version": "1.0.0",
      "license": "MIT",
      "dependencies": {
        "@angular/animations": "^17.0.0",
        "@angular/common": "^17.0.0",
        "@angular/compiler": "^17.0.0",
        "@angular/core": "^17.0.0",
        "@angular/forms": "^17.0.0",
        "@angular/platform-browser": "^17.0.0",
        "@angular/platform-browser-dynamic": "^17.0.0",
        "@angular/router": "^17.0.0",
        "rxjs": "^7.8.0",
        "tslib": "^2.6.0",
        "zone.js": "^0.14.0"
      },
      "devDependencies": {
        "@angular-devkit/build-angular": "^17.0.0",
        "@angular-eslint/builder": "^17.0.0",
        "@angular-eslint/eslint-plugin": "^17.0.0",
        "@angular-eslint/eslint-plugin-template": "^17.0.0",
        "@angular-eslint/schematics": "^17.0.0",
        "@angular-eslint/template-parser": "^17.0.0",
        "@angular/cli": "^17.0.0",
        "@angular/compiler-cli": "^17.0.0",
        "@types/jasmine": "~5.1.0",
        "@types/node": "^20.0.0",
        "eslint": "^8.50.0",
        "http-server": "^14.1.0",
        "jasmine-core": "~5.1.0",
        "karma": "~6.4.0",
        "karma-chrome-launcher": "~3.2.0",
        "karma-coverage": "~2.2.0",
        "karma-jasmine": "~5.1.0",
        "karma-jasmine-html-reporter": "~2.1.0",
        "typescript": "~5.2.0",
        "webpack-bundle-analyzer": "^4.10.0"
      },
      "engines": {
        "node": ">=18.0.0",
        "npm": ">=9.0.0"
      }
    },
    "node_modules/@angular/animations": {
      "version": "17.0.0",
      "resolved": "https://registry.npmjs.org/@angular/animations/-/animations-17.0.0.tgz",
      "integrity": "sha512-TZW5CRUHxF7Yk7DGxvVkJJNXL5xRdkLVuIPCNPzWEYIBNFVRUAGkW5zCfD5dOaXy8aG3oeT6gVvNw/SYN8HA==",
      "dependencies": {
        "tslib": "^2.3.0"
      },
      "engines": {
        "node": "^18.13.0 || >=20.9.0"
      }
    },
    "node_modules/@angular/common": {
      "version": "17.0.0",
      "resolved": "https://registry.npmjs.org/@angular/common/-/common-17.0.0.tgz",
      "integrity": "sha512-Yv3hQsL8K3pwp7xXVzLRKZSJ7LoP2LRQX+kJr7XG2V3Hu8RVSBIJsEV/R7ynTF2oBECBVjM7+ov4gUWr2/Tw==",
      "dependencies": {
        "tslib": "^2.3.0"
      },
      "engines": {
        "node": "^18.13.0 || >=20.9.0"
      },
      "peerDependencies": {
        "@angular/core": "17.0.0"
      }
    },
    "node_modules/@angular/compiler": {
      "version": "17.0.0",
      "resolved": "https://registry.npmjs.org/@angular/compiler/-/compiler-17.0.0.tgz",
      "integrity": "sha512-DcM/7u5b5w8QzJJMnYPe+5KHW/J4l0rMg+kJKFKxWXJjwjkJEKm7C7PV6Q7vZXLzqiYPxiBqYUXrZA5PUKlQ==",
      "dependencies": {
        "tslib": "^2.3.0"
      },
      "engines": {
        "node": "^18.13.0 || >=20.9.0"
      }
    },
    "node_modules/@angular/core": {
      "version": "17.0.0",
      "resolved": "https://registry.npmjs.org/@angular/core/-/core-17.0.0.tgz",
      "integrity": "sha512-g0nxKS5RJwKxkHMQK0K1eVfKUYBHaK3UrB0C6dSnA8w+ZJYNy2QChNZEbJphMJ4XVrNHh3C4TXsfD2SmEQqw==",
      "dependencies": {
        "tslib": "^2.3.0",
        "zone.js": "^0.14.2"
      },
      "engines": {
        "node": "^18.13.0 || >=20.9.0"
      }
    },
    "node_modules/@angular/forms": {
      "version": "17.0.0",
      "resolved": "https://registry.npmjs.org/@angular/forms/-/forms-17.0.0.tgz",
      "integrity": "sha512-iKXYaC0wSL7dQyNjAYNHR1O9qPEG8x0Z+OdCGhF6pFoLrXZH4gN5vXGJK2qBbqDHnUvMTT08iOUZZ13R3vRQ==",
      "dependencies": {
        "tslib": "^2.3.0"
      },
      "engines": {
        "node": "^18.13.0 || >=20.9.0"
      },
      "peerDependencies": {
        "@angular/common": "17.0.0",
        "@angular/core": "17.0.0"
      }
    },
    "node_modules/@angular/platform-browser": {
      "version": "17.0.0",
      "resolved": "https://registry.npmjs.org/@angular/platform-browser/-/platform-browser-17.0.0.tgz",
      "integrity": "sha512-vQGSn9vXk8PHSxJL2u6qVQGR8C9m5f3Vfyw0Q3F1OVNj0KL+7+aKmvNh1YSX3KBhxQ+5YLST8j5pKgIJTKA==",
      "dependencies": {
        "tslib": "^2.3.0"
      },
      "engines": {
        "node": "^18.13.0 || >=20.9.0"
      },
      "peerDependencies": {
        "@angular/animations": "17.0.0",
        "@angular/common": "17.0.0",
        "@angular/core": "17.0.0"
      },
      "peerDependenciesMeta": {
        "@angular/animations": {
          "optional": true
        }
      }
    },
    "node_modules/@angular/platform-browser-dynamic": {
      "version": "17.0.0",
      "resolved": "https://registry.npmjs.org/@angular/platform-browser-dynamic/-/platform-browser-dynamic-17.0.0.tgz",
      "integrity": "sha512-CjLmU0mJLa0Iq7wHb2S2Ow6V8M8BqaH7EhUe2v5j6RY4uBGLUCNSPjFRsJK4M0xb9vDdBqnJaBLWIR5JO0w==",
      "dependencies": {
        "tslib": "^2.3.0"
      },
      "engines": {
        "node": "^18.13.0 || >=20.9.0"
      },
      "peerDependencies": {
        "@angular/animations": "17.0.0",
        "@angular/common": "17.0.0",
        "@angular/compiler": "17.0.0",
        "@angular/core": "17.0.0",
        "@angular/platform-browser": "17.0.0"
      },
      "peerDependenciesMeta": {
        "@angular/animations": {
          "optional": true
        }
      }
    },
    "node_modules/@angular/router": {
      "version": "17.0.0",
      "resolved": "https://registry.npmjs.org/@angular/router/-/router-17.0.0.tgz",
      "integrity": "sha512-oVVPaB9C7wn/BLvRZJM6eQEVVTvKhVzDU4i8kA3KZhCVQi7+qJ8uAXM1GzpQ8vdLkkw7VVfEF/Q3jRU/SrFA==",
      "dependencies": {
        "tslib": "^2.3.0"
      },
      "engines": {
        "node": "^18.13.0 || >=20.9.0"
      },
      "peerDependencies": {
        "@angular/animations": "17.0.0",
        "@angular/common": "17.0.0",
        "@angular/core": "17.0.0",
        "@angular/platform-browser": "17.0.0"
      },
      "peerDependenciesMeta": {
        "@angular/animations": {
          "optional": true
        }
      }
    },
    "node_modules/@angular/cli": {
      "version": "17.0.0",
      "resolved": "https://registry.npmjs.org/@angular/cli/-/cli-17.0.0.tgz",
      "integrity": "sha512-Zq8nZl4b2VvY8UqvdIFdzXOoNh4Aj2GDgCe5gP6CmTcBr3+PqCz/u0VLRUTpYGp/4xMz8bBz5eGTOGVdTWQQ==",
      "dev": true,
      "bin": {
        "ng": "bin/ng.js"
      },
      "engines": {
        "node": "^18.13.0 || >=20.9.0",
        "npm": "^9.5.0"
      }
    },
    "node_modules/@angular/compiler-cli": {
      "version": "17.0.0",
      "resolved": "https://registry.npmjs.org/@angular/compiler-cli/-/compiler-cli-17.0.0.tgz",
      "integrity": "sha512-qrNjILEcKc0YzXFiQqYTVGb6vN3Zp7CtxZFIe3H0r3QXCbBSvRPpL5K6vZLc3NX3kWvQQbHdA1Cs1HMvRyQ==",
      "dev": true,
      "dependencies": {
        "typescript": "~5.2.2"
      },
      "engines": {
        "node": "^18.13.0 || >=20.9.0"
      },
      "peerDependencies": {
        "typescript": ">=4.8.0 <5.3"
      }
    },
    "node_modules/@angular-devkit/build-angular": {
      "version": "17.0.0",
      "resolved": "https://registry.npmjs.org/@angular-devkit/build-angular/-/build-angular-17.0.0.tgz",
      "integrity": "sha512-xN3ELR0vTn9I8KeqZTqVHYRxkqRpNR/u/3+TmmzTVfx9V5Q6rGCzKNKdIjXd3TPFK0iqxVq3V7Y9hEiOXdQQ==",
      "dev": true,
      "engines": {
        "node": "^18.13.0 || >=20.9.0",
        "npm": "^9.5.0"
      },
      "peerDependencies": {
        "@angular/cli": "17.0.0",
        "typescript": ">=4.8.0 <5.3"
      }
    },
    "node_modules/@angular-eslint/builder": {
      "version": "17.0.0",
      "resolved": "https://registry.npmjs.org/@angular-eslint/builder/-/builder-17.0.0.tgz",
      "integrity": "sha512-6cxFdzh7PQfPzKvQXePiMZqGGWR4S4v0j9aJDYIIFmkPGiGLUvfF0uNYZdJ6xeN/cHpFPXZVDLvqVhHIe4Q==",
      "dev": true
    },
    "node_modules/@angular-eslint/eslint-plugin": {
      "version": "17.0.0",
      "resolved": "https://registry.npmjs.org/@angular-eslint/eslint-plugin/-/eslint-plugin-17.0.0.tgz",
      "integrity": "sha512-S8r3K+ixS5FvCqNhAQXNfVJ0bO7cZ3WCd0s7LUdYP3OTkLbZLmq3vTNQGR3Q/aNHJvJ1WIqgJDKf0Ty5RgZA==",
      "dev": true
    },
    "node_modules/@angular-eslint/eslint-plugin-template": {
      "version": "17.0.0",
      "resolved": "https://registry.npmjs.org/@angular-eslint/eslint-plugin-template/-/eslint-plugin-template-17.0.0.tgz",
      "integrity": "sha512-CUh6LLpfMxKZXfDL9VvjYxK7H1QplP2s/YeH0Fg0YfUf1xBvQWFZAcZh3TS7LQGiWgMJ3x7d/j7E4VpPTJw==",
      "dev": true
    },
    "node_modules/@angular-eslint/schematics": {
      "version": "17.0.0",
      "resolved": "https://registry.npmjs.org/@angular-eslint/schematics/-/schematics-17.0.0.tgz",
      "integrity": "sha512-7zrN/8W2dVcZXj8rQhPJvGQMLfGX4QwvP3MXZMGx2j8W1L8qE0vQpE5mNsZCdJz3t6T9tZqCqn/C4p+yMMxFg==",
      "dev": true
    },
    "node_modules/@angular-eslint/template-parser": {
      "version": "17.0.0",
      "resolved": "https://registry.npmjs.org/@angular-eslint/template-parser/-/template-parser-17.0.0.tgz",
      "integrity": "sha512-FVV3PqHRfnxHl2zyNKJlK5wdMQV3VdNk1rWRPV3jEv0pYCYOzl5rCWGYZslOtQlMdwBSEU9PkISrHH3tDyDw==",
      "dev": true
    },
    "node_modules/rxjs": {
      "version": "7.8.1",
      "resolved": "https://registry.npmjs.org/rxjs/-/rxjs-7.8.1.tgz",
      "integrity": "sha512-AA3TVj+0A2iuIoQkWEK/tqFjBq2j+6PO6Y0zJcvzLAFhEFIO6MotlcRQZPeI6W0ntCGqkJvqlrivtKEsIpnKQ==",
      "dependencies": {
        "tslib": "^2.3.0"
      },
      "engines": {
        "npm": ">=2.0.0"
      }
    },
    "node_modules/tslib": {
      "version": "2.6.2",
      "resolved": "https://registry.npmjs.org/tslib/-/tslib-2.6.2.tgz",
      "integrity": "sha512-AEYxH93jGFds7zNQn50NNmRUg6VQU50u8AzEf+85AltBMw8b36SDEmLaXygDVQiIfitVVYzYuy5cUf+5qMXrg=="
    },
    "node_modules/zone.js": {
      "version": "0.14.2",
      "resolved": "https://registry.npmjs.org/zone.js/-/zone.js-0.14.2.tgz",
      "integrity": "sha512-nKQcsF3yysHSCzn7+I58V8CGmVdwnz3/qd84viZJu6iD4Rpg3VeLhxcbySLsXMMrWGW5+rmbG4l+sentoldDIQ=="
    },
    "node_modules/typescript": {
      "version": "5.2.2",
      "resolved": "https://registry.npmjs.org/typescript/-/typescript-5.2.2.tgz",
      "integrity": "sha512-mI4WrpHsbCIYE7/bouWS9MB+/5/mB8Es/8hoLT/Yy5gj7wSLHAsznmPrWQvfVcYvCv4abdmVg4BjiPzy2STKA==",
      "dev": true,
      "bin": {
        "tsc": "bin/tsc",
        "tsserver": "bin/tsserver"
      },
      "engines": {
        "node": ">=14.17"
      }
    },
    "node_modules/jasmine-core": {
      "version": "5.1.1",
      "resolved": "https://registry.npmjs.org/jasmine-core/-/jasmine-core-5.1.1.tgz",
      "integrity": "sha512-LrBVHVxORPXBJYg5u+K+p2LiWFPILsM8N3P8Y8U8cZlY8qGm4hpn2EjLFLJqxl2dwI2MzGZGQvx91c+0F+KQ==",
      "dev": true
    },
    "node_modules/karma": {
      "version": "6.4.2",
      "resolved": "https://registry.npmjs.org/karma/-/karma-6.4.2.tgz",
      "integrity": "sha512-C4Yk2FUK/x/9/hJ3FqR8sE7WGSRVjNvJgDgzYMAfMKYj9F2p5gWLwpLzjLuO5cCJlX0D3m7dHQg8D9Uo2D/w==",
      "dev": true,
      "bin": {
        "karma": "bin/karma.js"
      },
      "engines": {
        "node": ">=14"
      }
    },
    "node_modules/karma-chrome-launcher": {
      "version": "3.2.0",
      "resolved": "https://registry.npmjs.org/karma-chrome-launcher/-/karma-chrome-launcher-3.2.0.tgz",
      "integrity": "sha512-rE4oQ7K+aMzpRJ5UcZj+UL1XwkCx1adarH5mBMB5rCOvENKMkqFGJородC7CQIHZretMxNvQHytPSqnQmDQA==",
      "dev": true
    },
    "node_modules/karma-coverage": {
      "version": "2.2.0",
      "resolved": "https://registry.npmjs.org/karma-coverage/-/karma-coverage-2.2.0.tgz",
      "integrity": "sha512-bh8dQ1J0pz5IK0FqkUDtNfKzScM2avdQ3mNGb/HzlU5HEMrfKyL5o7IWccB6Rm3OtuL2zNR4H2O+SWxYe2SVA==",
      "dev": true
    },
    "node_modules/karma-jasmine": {
      "version": "5.1.0",
      "resolved": "https://registry.npmjs.org/karma-jasmine/-/karma-jasmine-5.1.0.tgz",
      "integrity": "sha512-2KwKVNjwm59k3kYQ4WIdf2JKkd0eVgVZeYi0cH8I6T+XkVz2cVUQu8gSGbIe0h1L03nUo0fCqH0CyVTL4PxQ==",
      "dev": true
    },
    "node_modules/karma-jasmine-html-reporter": {
      "version": "2.1.0",
      "resolved": "https://registry.npmjs.org/karma-jasmine-html-reporter/-/karma-jasmine-html-reporter-2.1.0.tgz",
      "integrity": "sha512-FhWWiKWzZB7wEQJcwC5jXf8bZ72LcM2K+x6L9b9btqrCXNcvT+aBq8k5L3U8Q3YzMrKgFyy+D7HvdPYJ8sLOA==",
      "dev": true
    },
    "node_modules/@types/jasmine": {
      "version": "5.1.0",
      "resolved": "https://registry.npmjs.org/@types/jasmine/-/jasmine-5.1.0.tgz",
      "integrity": "sha512-4yws0VrtJUXLWvKr24K5qLOhwwsM+c/AqAXVqM3u9Oy0nQGlIzb0v/qd5/9bxXzHe9W8c3cxl4flLpqJQPLuw==",
      "dev": true
    },
    "node_modules/@types/node": {
      "version": "20.10.6",
      "resolved": "https://registry.npmjs.org/@types/node/-/node-20.10.6.tgz",
      "integrity": "sha512-Vvycsc9z2/PTGlh4O1oMxO3TNZF8G7qLCkVAqM2fwaGIOXvE9ykovIEUvMqWide1NjMXrJ9cgXPK5PrKl4AYA==",
      "dev": true
    },
    "node_modules/eslint": {
      "version": "8.56.0",
      "resolved": "https://registry.npmjs.org/eslint/-/eslint-8.56.0.tgz",
      "integrity": "sha512-Go19xM6T9puCOWntie1/P997aXxWfo9KLk3GXpFkMeeAChowxopstg6XmnULUsuxXcYPduWwDRH+xKm1XEyA==",
      "dev": true,
      "bin": {
        "eslint": "bin/eslint.js"
      },
      "engines": {
        "node": "^12.22.0 || ^14.17.0 || >=16.0.0"
      }
    },
    "node_modules/http-server": {
      "version": "14.1.1",
      "resolved": "https://registry.npmjs.org/http-server/-/http-server-14.1.1.tgz",
      "integrity": "sha512-+cbxadF40UluJOzH/zJh488p+mc3alpJyxP/5kA87KR269uUg1SShYxvegxUTnifL6XMIsinREzML7Cu3/dDA==",
      "dev": true,
      "bin": {
        "http-server": "bin/http-server"
      },
      "engines": {
        "node": ">=12"
      }
    },
    "node_modules/webpack-bundle-analyzer": {
      "version": "4.10.1",
      "resolved": "https://registry.npmjs.org/webpack-bundle-analyzer/-/webpack-bundle-analyzer-4.10.1.tgz",
      "integrity": "sha512-TIWawvP1a9oP4pP1N3cJWrM1vJMI0E4zrNkGVDmxHZWOzWf/F1nwTXZuzyYvMSYT3t46EtVjeiTTQrtM76J5g==",
      "dev": true,
      "bin": {
        "webpack-bundle-analyzer": "lib/bin/analyzer.js"
      },
      "engines": {
        "node": ">= 10.13.0"
      }
    }
  }
}
